Microsoft Visual Studio Solution File, Format Version 12.00
# Visual Studio Version 16
VisualStudioVersion = 16.0.29709.97
MinimumVisualStudioVersion = 10.0.40219.1
Project("{9A19103F-16F7-4668-BE54-9A1E7A4F7556}") = "Ngpt.Web", "Ngpt.Web\Ngpt.Web.csproj", "{2086B22A-3218-4712-97CE-DDFFADDD11B8}"
EndProject
Project("{9A19103F-16F7-4668-BE54-9A1E7A4F7556}") = "Ngpt.Bll", "Ngpt.Bll\Ngpt.Bll.csproj", "{1CFC05AC-AE9B-4815-9412-5ABA34C735DF}"
EndProject
Project("{2150E333-8FDC-42A3-9474-1A3956D46DE8}") = "Augur", "Augur", "{3C3FDF07-4C0E-4614-B52D-4CF709F1749B}"
EndProject
Project("{9A19103F-16F7-4668-BE54-9A1E7A4F7556}") = "Augur.Web", "augurnet\Augur.Web\Augur.Web.csproj", "{E4ABA48C-64C4-4299-A2C3-567698CD4827}"
EndProject
Project("{9A19103F-16F7-4668-BE54-9A1E7A4F7556}") = "Augur.Utilities", "augurnet\Augur.Utilities\Augur.Utilities.csproj", "{D057BB66-E751-4217-8516-A7873E20B79C}"
EndProject
Project("{9A19103F-16F7-4668-BE54-9A1E7A4F7556}") = "Augur.Security", "augurnet\Augur.Security\Augur.Security.csproj", "{EFB2F57A-A5F8-4BAB-9636-557E268F1688}"
EndProject
Project("{9A19103F-16F7-4668-BE54-9A1E7A4F7556}") = "Augur.Entity", "augurnet\Augur.Entities\Augur.Entity.csproj", "{CD44256E-460B-4EC6-B23E-0E6815324DFB}"
EndProject
Project("{9A19103F-16F7-4668-BE54-9A1E7A4F7556}") = "Augur.Data", "augurnet\Augur.Data\Augur.Data.csproj", "{9442BE51-5CDD-468F-8E7B-C6E9385CCE23}"
EndProject
Project("{9A19103F-16F7-4668-BE54-9A1E7A4F7556}") = "Augur.BackendToFrontendExporter", "augurnet\Augur.BackendToFrontendExporter\Augur.BackendToFrontendExporter.csproj", "{85506C61-8FE1-4E06-9E0E-B25A1D11EF91}"
EndProject
Project("{9A19103F-16F7-4668-BE54-9A1E7A4F7556}") = "Ngpt.Repositories", "Ngpt.Repositories\Ngpt.Repositories.csproj", "{31F977E0-A77B-42F4-BEFB-F8F30E4FAC43}"
EndProject
Project("{9A19103F-16F7-4668-BE54-9A1E7A4F7556}") = "Augur.Repositories", "augurnet\Augur.Repositories\Augur.Repositories.csproj", "{A6AF839B-D7C2-4F97-88FD-F4DE7E790D15}"
EndProject
Project("{9A19103F-16F7-4668-BE54-9A1E7A4F7556}") = "Ngpt.Data", "Ngpt.Data\Ngpt.Data.csproj", "{24A84768-3549-4339-96F0-B8A8BF0D70B1}"
EndProject
Project("{2150E333-8FDC-42A3-9474-1A3956D46DE8}") = "Modules", "Modules", "{1D2A8D3A-21B7-4022-96CB-3F61774D61F9}"
EndProject
Project("{2150E333-8FDC-42A3-9474-1A3956D46DE8}") = "Identity", "Identity", "{3DDC729C-DF66-4217-A107-A185CC6B16BD}"
EndProject
Project("{2150E333-8FDC-42A3-9474-1A3956D46DE8}") = "Multitenancy", "Multitenancy", "{29C30588-4A5E-4F49-A52D-0B275C71BA6B}"
EndProject
Project("{2150E333-8FDC-42A3-9474-1A3956D46DE8}") = "FileResources", "FileResources", "{4E7607F4-BE98-4B92-B512-D397827D5E5E}"
EndProject
Project("{9A19103F-16F7-4668-BE54-9A1E7A4F7556}") = "Augur.ApiSystemEvents", "augurnet\Augur.ApiSystemEvents\Augur.ApiSystemEvents.csproj", "{57DE8097-2B63-4971-A50D-24C705D62774}"
EndProject
Project("{9A19103F-16F7-4668-BE54-9A1E7A4F7556}") = "Augur.Emails", "augurnet\Augur.Emails\Augur.Emails.csproj", "{A5915A78-ACED-4ECC-B4E6-BC88D9617BC6}"
EndProject
Project("{9A19103F-16F7-4668-BE54-9A1E7A4F7556}") = "Ngpt.Services", "Ngpt.Services\Ngpt.Services.csproj", "{1B3BA965-6416-41A1-8C06-D8C64E18C11B}"
EndProject
Project("{2150E333-8FDC-42A3-9474-1A3956D46DE8}") = "Platform", "Platform", "{00788249-E8E6-4514-9785-CB9906F2FE32}"
EndProject
Project("{9A19103F-16F7-4668-BE54-9A1E7A4F7556}") = "Ngpt.Platform.FileResources.Data", "Platform\Ngpt.Platform.FileResources.Data\Ngpt.Platform.FileResources.Data.csproj", "{1983F1EA-FD6F-4D9F-9B87-68DEEC044956}"
EndProject
Project("{9A19103F-16F7-4668-BE54-9A1E7A4F7556}") = "Ngpt.Platform.FileResources.Web", "Platform\Ngpt.Platform.FileResources.Web\Ngpt.Platform.FileResources.Web.csproj", "{864BFECD-6212-4B3E-9C8A-204D408F79E5}"
EndProject
Project("{9A19103F-16F7-4668-BE54-9A1E7A4F7556}") = "Ngpt.Platform.Web", "Platform\Ngpt.Platform.Web\Ngpt.Platform.Web.csproj", "{E7699737-3E82-463B-9B87-046E5CC730AE}"
EndProject
Project("{9A19103F-16F7-4668-BE54-9A1E7A4F7556}") = "Ngpt.Platform.Services", "Platform\Ngpt.Platform.Services\Ngpt.Platform.Services.csproj", "{EEC94BFA-B469-4444-894C-095BE3AAAB3F}"
EndProject
Project("{9A19103F-16F7-4668-BE54-9A1E7A4F7556}") = "Ngpt.Platform.Data", "Platform\Ngpt.Platform.Data\Ngpt.Platform.Data.csproj", "{C1885309-7ED2-4A02-993B-7CBB04ABE926}"
EndProject
Project("{9A19103F-16F7-4668-BE54-9A1E7A4F7556}") = "Ngpt.Platform.BackendToFrontendExporter", "Platform\Ngpt.Platform.BackendToFrontendExporter\Ngpt.Platform.BackendToFrontendExporter.csproj", "{51D5C51C-258D-40FB-95B4-4E3D6DB948CD}"
EndProject
Project("{9A19103F-16F7-4668-BE54-9A1E7A4F7556}") = "Ngpt.Platform.Multitenancy.Data", "Platform\Ngpt.Platform.Multitenancy\Ngpt.Platform.Multitenancy.Data.csproj", "{0A4980B0-34FC-4CA8-86CA-C043802CC10B}"
EndProject
Project("{9A19103F-16F7-4668-BE54-9A1E7A4F7556}") = "Ngpt.Platform.Identity.Data", "Platform\Ngpt.Platform.Identity.Data\Ngpt.Platform.Identity.Data.csproj", "{C1FD3E06-EF46-44A5-999F-2A6313F3E4C3}"
EndProject
Project("{9A19103F-16F7-4668-BE54-9A1E7A4F7556}") = "Ngpt.Platform.Identity.Web", "Platform\Ngpt.Platform.Identity.Web\Ngpt.Platform.Identity.Web.csproj", "{01EE8E31-C6DC-4CD4-9B23-D68BC118B3FE}"
EndProject
Project("{2150E333-8FDC-42A3-9474-1A3956D46DE8}") = "Exceptions", "Exceptions", "{593B4560-C96F-4E27-B377-E7A17BC34B02}"
EndProject
Project("{FAE04EC0-301F-11D3-BF4B-00C04F79EFBC}") = "Ngpt.Platform.Exceptions", "Platform\Ngpt.Platform.Exceptions\Ngpt.Platform.Exceptions.csproj", "{C88DB615-7A38-48F8-846F-34C598E3D6DB}"
EndProject
Global
	GlobalSection(SolutionConfigurationPlatforms) = preSolution
		Debug|Any CPU = Debug|Any CPU
		Release|Any CPU = Release|Any CPU
	EndGlobalSection
	GlobalSection(ProjectConfigurationPlatforms) = postSolution
		{2086B22A-3218-4712-97CE-DDFFADDD11B8}.Debug|Any CPU.ActiveCfg = Debug|Any CPU
		{2086B22A-3218-4712-97CE-DDFFADDD11B8}.Debug|Any CPU.Build.0 = Debug|Any CPU
		{2086B22A-3218-4712-97CE-DDFFADDD11B8}.Release|Any CPU.ActiveCfg = Release|Any CPU
		{2086B22A-3218-4712-97CE-DDFFADDD11B8}.Release|Any CPU.Build.0 = Release|Any CPU
		{1CFC05AC-AE9B-4815-9412-5ABA34C735DF}.Debug|Any CPU.ActiveCfg = Debug|Any CPU
		{1CFC05AC-AE9B-4815-9412-5ABA34C735DF}.Debug|Any CPU.Build.0 = Debug|Any CPU
		{1CFC05AC-AE9B-4815-9412-5ABA34C735DF}.Release|Any CPU.ActiveCfg = Release|Any CPU
		{1CFC05AC-AE9B-4815-9412-5ABA34C735DF}.Release|Any CPU.Build.0 = Release|Any CPU
		{E4ABA48C-64C4-4299-A2C3-567698CD4827}.Debug|Any CPU.ActiveCfg = Debug|Any CPU
		{E4ABA48C-64C4-4299-A2C3-567698CD4827}.Debug|Any CPU.Build.0 = Debug|Any CPU
		{E4ABA48C-64C4-4299-A2C3-567698CD4827}.Release|Any CPU.ActiveCfg = Release|Any CPU
		{E4ABA48C-64C4-4299-A2C3-567698CD4827}.Release|Any CPU.Build.0 = Release|Any CPU
		{D057BB66-E751-4217-8516-A7873E20B79C}.Debug|Any CPU.ActiveCfg = Debug|Any CPU
		{D057BB66-E751-4217-8516-A7873E20B79C}.Debug|Any CPU.Build.0 = Debug|Any CPU
		{D057BB66-E751-4217-8516-A7873E20B79C}.Release|Any CPU.ActiveCfg = Release|Any CPU
		{D057BB66-E751-4217-8516-A7873E20B79C}.Release|Any CPU.Build.0 = Release|Any CPU
		{EFB2F57A-A5F8-4BAB-9636-557E268F1688}.Debug|Any CPU.ActiveCfg = Debug|Any CPU
		{EFB2F57A-A5F8-4BAB-9636-557E268F1688}.Debug|Any CPU.Build.0 = Debug|Any CPU
		{EFB2F57A-A5F8-4BAB-9636-557E268F1688}.Release|Any CPU.ActiveCfg = Release|Any CPU
		{EFB2F57A-A5F8-4BAB-9636-557E268F1688}.Release|Any CPU.Build.0 = Release|Any CPU
		{CD44256E-460B-4EC6-B23E-0E6815324DFB}.Debug|Any CPU.ActiveCfg = Debug|Any CPU
		{CD44256E-460B-4EC6-B23E-0E6815324DFB}.Debug|Any CPU.Build.0 = Debug|Any CPU
		{CD44256E-460B-4EC6-B23E-0E6815324DFB}.Release|Any CPU.ActiveCfg = Release|Any CPU
		{CD44256E-460B-4EC6-B23E-0E6815324DFB}.Release|Any CPU.Build.0 = Release|Any CPU
		{9442BE51-5CDD-468F-8E7B-C6E9385CCE23}.Debug|Any CPU.ActiveCfg = Debug|Any CPU
		{9442BE51-5CDD-468F-8E7B-C6E9385CCE23}.Debug|Any CPU.Build.0 = Debug|Any CPU
		{9442BE51-5CDD-468F-8E7B-C6E9385CCE23}.Release|Any CPU.ActiveCfg = Release|Any CPU
		{9442BE51-5CDD-468F-8E7B-C6E9385CCE23}.Release|Any CPU.Build.0 = Release|Any CPU
		{85506C61-8FE1-4E06-9E0E-B25A1D11EF91}.Debug|Any CPU.ActiveCfg = Debug|Any CPU
		{85506C61-8FE1-4E06-9E0E-B25A1D11EF91}.Debug|Any CPU.Build.0 = Debug|Any CPU
		{85506C61-8FE1-4E06-9E0E-B25A1D11EF91}.Release|Any CPU.ActiveCfg = Release|Any CPU
		{85506C61-8FE1-4E06-9E0E-B25A1D11EF91}.Release|Any CPU.Build.0 = Release|Any CPU
		{31F977E0-A77B-42F4-BEFB-F8F30E4FAC43}.Debug|Any CPU.ActiveCfg = Debug|Any CPU
		{31F977E0-A77B-42F4-BEFB-F8F30E4FAC43}.Debug|Any CPU.Build.0 = Debug|Any CPU
		{31F977E0-A77B-42F4-BEFB-F8F30E4FAC43}.Release|Any CPU.ActiveCfg = Release|Any CPU
		{31F977E0-A77B-42F4-BEFB-F8F30E4FAC43}.Release|Any CPU.Build.0 = Release|Any CPU
		{A6AF839B-D7C2-4F97-88FD-F4DE7E790D15}.Debug|Any CPU.ActiveCfg = Debug|Any CPU
		{A6AF839B-D7C2-4F97-88FD-F4DE7E790D15}.Debug|Any CPU.Build.0 = Debug|Any CPU
		{A6AF839B-D7C2-4F97-88FD-F4DE7E790D15}.Release|Any CPU.ActiveCfg = Release|Any CPU
		{A6AF839B-D7C2-4F97-88FD-F4DE7E790D15}.Release|Any CPU.Build.0 = Release|Any CPU
		{24A84768-3549-4339-96F0-B8A8BF0D70B1}.Debug|Any CPU.ActiveCfg = Debug|Any CPU
		{24A84768-3549-4339-96F0-B8A8BF0D70B1}.Debug|Any CPU.Build.0 = Debug|Any CPU
		{24A84768-3549-4339-96F0-B8A8BF0D70B1}.Release|Any CPU.ActiveCfg = Release|Any CPU
		{24A84768-3549-4339-96F0-B8A8BF0D70B1}.Release|Any CPU.Build.0 = Release|Any CPU
		{57DE8097-2B63-4971-A50D-24C705D62774}.Debug|Any CPU.ActiveCfg = Debug|Any CPU
		{57DE8097-2B63-4971-A50D-24C705D62774}.Debug|Any CPU.Build.0 = Debug|Any CPU
		{57DE8097-2B63-4971-A50D-24C705D62774}.Release|Any CPU.ActiveCfg = Release|Any CPU
		{57DE8097-2B63-4971-A50D-24C705D62774}.Release|Any CPU.Build.0 = Release|Any CPU
		{A5915A78-ACED-4ECC-B4E6-BC88D9617BC6}.Debug|Any CPU.ActiveCfg = Debug|Any CPU
		{A5915A78-ACED-4ECC-B4E6-BC88D9617BC6}.Debug|Any CPU.Build.0 = Debug|Any CPU
		{A5915A78-ACED-4ECC-B4E6-BC88D9617BC6}.Release|Any CPU.ActiveCfg = Release|Any CPU
		{A5915A78-ACED-4ECC-B4E6-BC88D9617BC6}.Release|Any CPU.Build.0 = Release|Any CPU
		{1B3BA965-6416-41A1-8C06-D8C64E18C11B}.Debug|Any CPU.ActiveCfg = Debug|Any CPU
		{1B3BA965-6416-41A1-8C06-D8C64E18C11B}.Debug|Any CPU.Build.0 = Debug|Any CPU
		{1B3BA965-6416-41A1-8C06-D8C64E18C11B}.Release|Any CPU.ActiveCfg = Release|Any CPU
		{1B3BA965-6416-41A1-8C06-D8C64E18C11B}.Release|Any CPU.Build.0 = Release|Any CPU
		{1983F1EA-FD6F-4D9F-9B87-68DEEC044956}.Debug|Any CPU.ActiveCfg = Debug|Any CPU
		{1983F1EA-FD6F-4D9F-9B87-68DEEC044956}.Debug|Any CPU.Build.0 = Debug|Any CPU
		{1983F1EA-FD6F-4D9F-9B87-68DEEC044956}.Release|Any CPU.ActiveCfg = Release|Any CPU
		{1983F1EA-FD6F-4D9F-9B87-68DEEC044956}.Release|Any CPU.Build.0 = Release|Any CPU
		{864BFECD-6212-4B3E-9C8A-204D408F79E5}.Debug|Any CPU.ActiveCfg = Debug|Any CPU
		{864BFECD-6212-4B3E-9C8A-204D408F79E5}.Debug|Any CPU.Build.0 = Debug|Any CPU
		{864BFECD-6212-4B3E-9C8A-204D408F79E5}.Release|Any CPU.ActiveCfg = Release|Any CPU
		{864BFECD-6212-4B3E-9C8A-204D408F79E5}.Release|Any CPU.Build.0 = Release|Any CPU
		{E7699737-3E82-463B-9B87-046E5CC730AE}.Debug|Any CPU.ActiveCfg = Debug|Any CPU
		{E7699737-3E82-463B-9B87-046E5CC730AE}.Debug|Any CPU.Build.0 = Debug|Any CPU
		{E7699737-3E82-463B-9B87-046E5CC730AE}.Release|Any CPU.ActiveCfg = Release|Any CPU
		{E7699737-3E82-463B-9B87-046E5CC730AE}.Release|Any CPU.Build.0 = Release|Any CPU
		{EEC94BFA-B469-4444-894C-095BE3AAAB3F}.Debug|Any CPU.ActiveCfg = Debug|Any CPU
		{EEC94BFA-B469-4444-894C-095BE3AAAB3F}.Debug|Any CPU.Build.0 = Debug|Any CPU
		{EEC94BFA-B469-4444-894C-095BE3AAAB3F}.Release|Any CPU.ActiveCfg = Release|Any CPU
		{EEC94BFA-B469-4444-894C-095BE3AAAB3F}.Release|Any CPU.Build.0 = Release|Any CPU
		{C1885309-7ED2-4A02-993B-7CBB04ABE926}.Debug|Any CPU.ActiveCfg = Debug|Any CPU
		{C1885309-7ED2-4A02-993B-7CBB04ABE926}.Debug|Any CPU.Build.0 = Debug|Any CPU
		{C1885309-7ED2-4A02-993B-7CBB04ABE926}.Release|Any CPU.ActiveCfg = Release|Any CPU
		{C1885309-7ED2-4A02-993B-7CBB04ABE926}.Release|Any CPU.Build.0 = Release|Any CPU
		{51D5C51C-258D-40FB-95B4-4E3D6DB948CD}.Debug|Any CPU.ActiveCfg = Debug|Any CPU
		{51D5C51C-258D-40FB-95B4-4E3D6DB948CD}.Debug|Any CPU.Build.0 = Debug|Any CPU
		{51D5C51C-258D-40FB-95B4-4E3D6DB948CD}.Release|Any CPU.ActiveCfg = Release|Any CPU
		{51D5C51C-258D-40FB-95B4-4E3D6DB948CD}.Release|Any CPU.Build.0 = Release|Any CPU
		{0A4980B0-34FC-4CA8-86CA-C043802CC10B}.Debug|Any CPU.ActiveCfg = Debug|Any CPU
		{0A4980B0-34FC-4CA8-86CA-C043802CC10B}.Debug|Any CPU.Build.0 = Debug|Any CPU
		{0A4980B0-34FC-4CA8-86CA-C043802CC10B}.Release|Any CPU.ActiveCfg = Release|Any CPU
		{0A4980B0-34FC-4CA8-86CA-C043802CC10B}.Release|Any CPU.Build.0 = Release|Any CPU
		{C1FD3E06-EF46-44A5-999F-2A6313F3E4C3}.Debug|Any CPU.ActiveCfg = Debug|Any CPU
		{C1FD3E06-EF46-44A5-999F-2A6313F3E4C3}.Debug|Any CPU.Build.0 = Debug|Any CPU
		{C1FD3E06-EF46-44A5-999F-2A6313F3E4C3}.Release|Any CPU.ActiveCfg = Release|Any CPU
		{C1FD3E06-EF46-44A5-999F-2A6313F3E4C3}.Release|Any CPU.Build.0 = Release|Any CPU
		{01EE8E31-C6DC-4CD4-9B23-D68BC118B3FE}.Debug|Any CPU.ActiveCfg = Debug|Any CPU
		{01EE8E31-C6DC-4CD4-9B23-D68BC118B3FE}.Debug|Any CPU.Build.0 = Debug|Any CPU
		{01EE8E31-C6DC-4CD4-9B23-D68BC118B3FE}.Release|Any CPU.ActiveCfg = Release|Any CPU
		{01EE8E31-C6DC-4CD4-9B23-D68BC118B3FE}.Release|Any CPU.Build.0 = Release|Any CPU
		{C88DB615-7A38-48F8-846F-34C598E3D6DB}.Debug|Any CPU.ActiveCfg = Debug|Any CPU
		{C88DB615-7A38-48F8-846F-34C598E3D6DB}.Debug|Any CPU.Build.0 = Debug|Any CPU
		{C88DB615-7A38-48F8-846F-34C598E3D6DB}.Release|Any CPU.ActiveCfg = Release|Any CPU
		{C88DB615-7A38-48F8-846F-34C598E3D6DB}.Release|Any CPU.Build.0 = Release|Any CPU
	EndGlobalSection
	GlobalSection(SolutionProperties) = preSolution
		HideSolutionNode = FALSE
	EndGlobalSection
	GlobalSection(NestedProjects) = preSolution
		{E4ABA48C-64C4-4299-A2C3-567698CD4827} = {3C3FDF07-4C0E-4614-B52D-4CF709F1749B}
		{D057BB66-E751-4217-8516-A7873E20B79C} = {3C3FDF07-4C0E-4614-B52D-4CF709F1749B}
		{EFB2F57A-A5F8-4BAB-9636-557E268F1688} = {3C3FDF07-4C0E-4614-B52D-4CF709F1749B}
		{CD44256E-460B-4EC6-B23E-0E6815324DFB} = {3C3FDF07-4C0E-4614-B52D-4CF709F1749B}
		{9442BE51-5CDD-468F-8E7B-C6E9385CCE23} = {3C3FDF07-4C0E-4614-B52D-4CF709F1749B}
		{85506C61-8FE1-4E06-9E0E-B25A1D11EF91} = {3C3FDF07-4C0E-4614-B52D-4CF709F1749B}
		{A6AF839B-D7C2-4F97-88FD-F4DE7E790D15} = {3C3FDF07-4C0E-4614-B52D-4CF709F1749B}
		{1D2A8D3A-21B7-4022-96CB-3F61774D61F9} = {00788249-E8E6-4514-9785-CB9906F2FE32}
		{3DDC729C-DF66-4217-A107-A185CC6B16BD} = {1D2A8D3A-21B7-4022-96CB-3F61774D61F9}
		{29C30588-4A5E-4F49-A52D-0B275C71BA6B} = {1D2A8D3A-21B7-4022-96CB-3F61774D61F9}
		{4E7607F4-BE98-4B92-B512-D397827D5E5E} = {1D2A8D3A-21B7-4022-96CB-3F61774D61F9}
		{57DE8097-2B63-4971-A50D-24C705D62774} = {3C3FDF07-4C0E-4614-B52D-4CF709F1749B}
		{A5915A78-ACED-4ECC-B4E6-BC88D9617BC6} = {3C3FDF07-4C0E-4614-B52D-4CF709F1749B}
		{1983F1EA-FD6F-4D9F-9B87-68DEEC044956} = {4E7607F4-BE98-4B92-B512-D397827D5E5E}
		{864BFECD-6212-4B3E-9C8A-204D408F79E5} = {4E7607F4-BE98-4B92-B512-D397827D5E5E}
		{E7699737-3E82-463B-9B87-046E5CC730AE} = {00788249-E8E6-4514-9785-CB9906F2FE32}
		{EEC94BFA-B469-4444-894C-095BE3AAAB3F} = {00788249-E8E6-4514-9785-CB9906F2FE32}
		{C1885309-7ED2-4A02-993B-7CBB04ABE926} = {00788249-E8E6-4514-9785-CB9906F2FE32}
		{51D5C51C-258D-40FB-95B4-4E3D6DB948CD} = {00788249-E8E6-4514-9785-CB9906F2FE32}
		{0A4980B0-34FC-4CA8-86CA-C043802CC10B} = {29C30588-4A5E-4F49-A52D-0B275C71BA6B}
		{C1FD3E06-EF46-44A5-999F-2A6313F3E4C3} = {3DDC729C-DF66-4217-A107-A185CC6B16BD}
		{01EE8E31-C6DC-4CD4-9B23-D68BC118B3FE} = {3DDC729C-DF66-4217-A107-A185CC6B16BD}
		{593B4560-C96F-4E27-B377-E7A17BC34B02} = {1D2A8D3A-21B7-4022-96CB-3F61774D61F9}
		{C88DB615-7A38-48F8-846F-34C598E3D6DB} = {593B4560-C96F-4E27-B377-E7A17BC34B02}
	EndGlobalSection
	GlobalSection(ExtensibilityGlobals) = postSolution
		SolutionGuid = {1D373B44-76A8-4297-8B5A-A3838C3BCC7F}
	EndGlobalSection
EndGlobal
